# This file is automatically @generated by Poetry 1.8.2 and should not be changed by hand.

[[package]]
name = "confluent-kafka"
version = "2.13.0"
description = "Confluent's Python client for Apache Kafka"
optional = false
python-versions = ">=3.8"
files = [
    {file = "confluent_kafka-2.13.0-cp310-cp310-macosx_10_9_x86_64.whl", hash = "sha256:264f86956d3bbd26bc14fd2d4060908a0c53d26b14ff33d21fa83369f55d8d3b"},
    {file = "confluent_kafka-2.13.0-cp310-cp310-macosx_11_0_arm64.whl", hash = "sha256:4af5f129acce30110c7a1c9c05c54821c1283850e38c67715bed7c3c8df322c6"},
    {file = "confluent_kafka-2.13.0-cp310-cp310-manylinux_2_28_aarch64.whl", hash = "sha256:9b975664e821d975c85ec9bba806b7c62eb9b23cf2ad3b41813862ee24caf00e"},
    {file = "confluent_kafka-2.13.0-cp310-cp310-manylinux_2_28_x86_64.whl", hash = "sha256:fc633deedd3eba5c266bf12959d8c4173806d252db45d2c78d3bd9a874dc7ccf"},
    {file = "confluent_kafka-2.13.0-cp310-cp310-win_amd64.whl", hash = "sha256:2c0b19a83f519de8f2cb170bc7879b1d92ac342a75798722fbfe29965f21d5ad"},
    {file = "confluent_kafka-2.13.0-cp311-cp311-macosx_10_9_x86_64.whl", hash = "sha256:af19d6a2ab49f02cf699bc1dfb6f4bdcc3588e077c7b5319d73335b81fef93fd"},
    {file = "confluent_kafka-2.13.0-cp311-cp311-macosx_11_0_arm64.whl", hash = "sha256:a406800c29e568e61ab687540391ac8eab210b79d24d7eb41b75b6117882e269"},
    {file = "confluent_kafka-2.13.0-cp311-cp311-manylinux_2_28_aarch64.whl", hash = "sha256:9bc38055f5a26bec15ca81b0465f90cb2663a31c19948d6421dc02090b4cbd4a"},
    {file = "confluent_kafka-2.13.0-cp311-cp311-manylinux_2_28_x86_64.whl", hash = "sha256:7080a20f64293b1f81747748e6bda0d1e9a9d5d5f94cd1b0c625cfdf819f491f"},
    {file = "confluent_kafka-2.13.0-cp311-cp311-win_amd64.whl", hash = "sha256:39fdfd4fa6371ebabf9e7be858ae68d4fa9a9fd72fd5fc3d739fdaa99997fd9a"},
    {file = "confluent_kafka-2.13.0-cp312-cp312-macosx_10_9_x86_64.whl", hash = "sha256:a69263f22a8c53c7d55067e7795ed49d22c374b9473df91982816a0448e6d242"},
    {file = "confluent_kafka-2.13.0-cp312-cp312-macosx_11_0_arm64.whl", hash = "sha256:0945c7f529e66a18aa19135aa18bfdc239ca6c0f6df6ca9b05a793d9b76c1c4b"},
    {file = "confluent_kafka-2.13.0-cp312-cp312-manylinux_2_28_aarch64.whl", hash = "sha256:321037a64c02acb13b5bde193b461c0514dca236a9f5236c847a3240313c297f"},
    {file = "confluent_kafka-2.13.0-cp312-cp312-manylinux_2_28_x86_64.whl", hash = "sha256:d7a71ca8fd42d3eefa22eb202e7fc8a419e0fd4e3b59862918c21f4d1074f0c5"},
    {file = "confluent_kafka-2.13.0-cp312-cp312-win_amd64.whl", hash = "sha256:37dddb1b92829b8862bc4fbce07789a79b73aa31eca413f3db187721a09975ff"},
    {file = "confluent_kafka-2.13.0-cp313-cp313-macosx_13_0_arm64.whl", hash = "sha256:0af90b3c566786017a01693da0ec4a876ca14cf37bc6164872652a6cf2702453"},
    {file = "confluent_kafka-2.13.0-cp313-cp313-macosx_13_0_x86_64.whl", hash = "sha256:f25d05604dd92e9de72707582dded53aeb4737ef2e2c097a3ca08650200fc446"},
    {file = "confluent_kafka-2.13.0-cp313-cp313-manylinux_2_28_aarch64.whl", hash = "sha256:74ddf5ec7fa6058221a619c850f44bdbe8d969d7ed6efe8abdc857d2e233df20"},
    {file = "confluent_kafka-2.13.0-cp313-cp313-manylinux_2_28_x86_64.whl", hash = "sha256:f8d1d00397f3f32a1bcf4604d4164bf75838bd009e1e28282a7ae25e16814ea4"},
    {file = "confluent_kafka-2.13.0-cp313-cp313-win_amd64.whl", hash = "sha256:9d1fd035e2c47c4db5fe9b0f59a28fe2f2f1012887290dd0ea7d46741f686e99"},
    {file = "confluent_kafka-2.13.0-cp314-cp314-macosx_13_0_arm64.whl", hash = "sha256:d448537147a33dd8c17656732989ddfe1d4a25a40bcb5f59bc63dc0a5041dd83"},
    {file = "confluent_kafka-2.13.0-cp314-cp314-macosx_13_0_x86_64.whl", hash = "sha256:1325585f9fc283c32c30df4226178dc89cf43d00f5c240e1f77ddedc94573690"},
    {file = "confluent_kafka-2.13.0-cp314-cp314-manylinux_2_28_aarch64.whl", hash = "sha256:266bbea18ce99f6e77ce0e9a118f353447c8705792ef5745eabcc5c6db08794a"},
    {file = "confluent_kafka-2.13.0-cp314-cp314-manylinux_2_28_x86_64.whl", hash = "sha256:7a373a1a3dd8e02dd218946583e951791480921fd777faeaf601c2834e2a6c0d"},
    {file = "confluent_kafka-2.13.0-cp314-cp314-win_amd64.whl", hash = "sha256:da956b2141d9f425dbfc3cf1c244ef6d0633b83fc5ceada6f496099258e63a68"},
    {file = "confluent_kafka-2.13.0-cp314-cp314t-macosx_13_0_arm64.whl", hash = "sha256:fa354e9fb95e26545decd429477072ea3a98a2e7acac11d09156772e06f14680"},
    {file = "confluent_kafka-2.13.0-cp314-cp314t-macosx_13_0_x86_64.whl", hash = "sha256:e256dc3a993bf5fde0fa4a1b6a5b72e3521cedbc9dc4d7a65f159afa4b72e5b4"},
    {file = "confluent_kafka-2.13.0-cp314-cp314t-manylinux_2_28_aarch64.whl", hash = "sha256:eb7988038b7f13ea490af93b9165ed40a3f385fb91e99ce8dacee8890e36e48a"},
    {file = "confluent_kafka-2.13.0-cp314-cp314t-manylinux_2_28_x86_64.whl", hash = "sha256:cfd8f011b0b0a109f8747312dba6cee45b39fb53fc7d53f28813bce84a91228d"},
    {file = "confluent_kafka-2.13.0-cp38-cp38-macosx_10_9_x86_64.whl", hash = "sha256:e40a8fad6d5fe4a8f40d971debf62c86247f4c70036269254bea52a9ac098997"},
    {file = "confluent_kafka-2.13.0-cp38-cp38-macosx_11_0_arm64.whl", hash = "sha256:9cb630cac6da4e0ab02fb7f85002b65cd6d1805270777ef22ae49ca8c8fcd0f8"},
    {file = "confluent_kafka-2.13.0-cp38-cp38-manylinux_2_28_aarch64.whl", hash = "sha256:ebbf51aae3d297ee9cd46c04d9793effce40484d44e70f7267bffd6f44497cf4"},
    {file = "confluent_kafka-2.13.0-cp38-cp38-manylinux_2_28_x86_64.whl", hash = "sha256:1978946b698629cb9c7bcd926759597162d9731488a2649c3c614aa644e10740"},
    {file = "confluent_kafka-2.13.0-cp38-cp38-win_amd64.whl", hash = "sha256:7ded3c25581f7b6dc94bcaccea21caaef208f6ed18bee4b604a760b9b3a5cda0"},
    {file = "confluent_kafka-2.13.0-cp39-cp39-macosx_10_9_x86_64.whl", hash = "sha256:85247f23d3f043f06e83181b63c27e48c6f461c4b2211ca67205f54f27f1867d"},
    {file = "confluent_kafka-2.13.0-cp39-cp39-macosx_11_0_arm64.whl", hash = "sha256:e35cbe76a5e784397688fb0d2f30eabfc60c320b78bfc5656b17c126e92e7da4"},
    {file = "confluent_kafka-2.13.0-cp39-cp39-manylinux_2_28_aarch64.whl", hash = "sha256:a5c59119fcdec13c75448e11f13273c026265fb85fc8e49fec186bca581464a9"},
    {file = "confluent_kafka-2.13.0-cp39-cp39-manylinux_2_28_x86_64.whl", hash = "sha256:0f746467574477b419b42d9ce65df1c9325aa4ad54d4239f19d19018620d77c4"},
    {file = "confluent_kafka-2.13.0-cp39-cp39-win_amd64.whl", hash = "sha256:bc5d9fde588485fe2c5f760678733406d0894eb2df6e7a2fb36769633c840a48"},
    {file = "confluent_kafka-2.13.0.tar.gz", hash = "sha256:eff7a4391a9e6d4a33f0c05d0935b200a7463834f1f5d6e6253be318f910babd"},
]

[package.extras]
all = ["async-timeout", "attrs", "attrs", "attrs (>=21.2.0)", "authlib (>=1.0.0)", "authlib (>=1.0.0)", "avro (>=1.11.1,<2)", "avro (>=1.11.1,<2)", "azure-identity", "azure-identity", "azure-keyvault-keys", "azure-keyvault-keys", "black (>=24.0.0)", "boto3", "boto3 (>=1.35)", "cachetools", "cachetools (>=5.5.0)", "cel-python (>=0.4.0)", "cel-python (>=0.4.0)", "certifi", "confluent-kafka", "fastapi", "fastavro (>=1.5.4,<1.8.0)", "fastavro (>=1.5.4,<1.8.0)", "fastavro (>=1.5.4,<2)", "fastavro (>=1.5.4,<2)", "flake8", "google-api-core", "google-api-core", "google-auth", "google-auth", "google-cloud-kms", "google-cloud-kms", "google-re2 (<1.1.20251105)", "googleapis-common-protos", "googleapis-common-protos", "hkdf (==0.0.3)", "hkdf (==0.0.3)", "httpx (>=0.26)", "httpx (>=0.26)", "hvac", "hvac", "isort (>=5.13.0)", "jsonata-python", "jsonata-python", "jsonschema", "jsonschema", "mypy", "opentelemetry-distro", "opentelemetry-exporter-otlp", "orjson", "orjson (>=3.10)", "orjson (>=3.10)", "pandoc", "pluggy (<1.6.0)", "protobuf", "protobuf", "psutil", "pydantic", "pyrsistent", "pyrsistent", "pytest", "pytest-asyncio", "pytest-timeout", "pytest_cov", "pyyaml (>=6.0.0)", "pyyaml (>=6.0.0)", "requests", "requests", "requests-mock", "respx", "six", "sphinx", "sphinx-rtd-theme", "tink", "tink", "tomli", "types-cachetools", "types-requests", "urllib3 (<3)", "uvicorn"]
avro = ["attrs (>=21.2.0)", "authlib (>=1.0.0)", "avro (>=1.11.1,<2)", "cachetools (>=5.5.0)", "certifi", "fastavro (>=1.5.4,<1.8.0)", "fastavro (>=1.5.4,<2)", "httpx (>=0.26)", "requests"]
dev = ["async-timeout", "attrs", "attrs", "attrs (>=21.2.0)", "authlib (>=1.0.0)", "authlib (>=1.0.0)", "avro (>=1.11.1,<2)", "avro (>=1.11.1,<2)", "azure-identity", "azure-identity", "azure-keyvault-keys", "azure-keyvault-keys", "black (>=24.0.0)", "boto3", "boto3 (>=1.35)", "cachetools", "cachetools (>=5.5.0)", "cel-python (>=0.4.0)", "cel-python (>=0.4.0)", "certifi", "confluent-kafka", "fastapi", "fastavro (>=1.5.4,<1.8.0)", "fastavro (>=1.5.4,<1.8.0)", "fastavro (>=1.5.4,<2)", "fastavro (>=1.5.4,<2)", "flake8", "google-api-core", "google-api-core", "google-auth", "google-auth", "google-cloud-kms", "google-cloud-kms", "google-re2 (<1.1.20251105)", "googleapis-common-protos", "googleapis-common-protos", "hkdf (==0.0.3)", "hkdf (==0.0.3)", "httpx (>=0.26)", "httpx (>=0.26)", "hvac", "hvac", "isort (>=5.13.0)", "jsonata-python", "jsonata-python", "jsonschema", "jsonschema", "mypy", "orjson", "orjson (>=3.10)", "orjson (>=3.10)", "pandoc", "pluggy (<1.6.0)", "protobuf", "protobuf", "pydantic", "pyrsistent", "pyrsistent", "pytest", "pytest-asyncio", "pytest-timeout", "pytest_cov", "pyyaml (>=6.0.0)", "pyyaml (>=6.0.0)", "requests", "requests", "requests-mock", "respx", "six", "sphinx", "sphinx-rtd-theme", "tink", "tink", "tomli", "types-cachetools", "types-requests", "urllib3 (<3)", "uvicorn"]
docs = ["attrs (>=21.2.0)", "authlib (>=1.0.0)", "avro (>=1.11.1,<2)", "azure-identity", "azure-keyvault-keys", "boto3 (>=1.35)", "cachetools (>=5.5.0)", "cel-python (>=0.4.0)", "certifi", "fastavro (>=1.5.4,<1.8.0)", "fastavro (>=1.5.4,<2)", "google-api-core", "google-auth", "google-cloud-kms", "google-re2 (<1.1.20251105)", "googleapis-common-protos", "hkdf (==0.0.3)", "httpx (>=0.26)", "hvac", "jsonata-python", "jsonschema", "orjson (>=3.10)", "pandoc", "protobuf", "pyrsistent", "pyyaml (>=6.0.0)", "requests", "sphinx", "sphinx-rtd-theme", "tink", "tomli"]
examples = ["attrs", "authlib (>=1.0.0)", "avro (>=1.11.1,<2)", "azure-identity", "azure-keyvault-keys", "boto3", "cachetools", "cel-python (>=0.4.0)", "confluent-kafka", "fastapi", "fastavro (>=1.5.4,<1.8.0)", "fastavro (>=1.5.4,<2)", "google-api-core", "google-auth", "google-cloud-kms", "googleapis-common-protos", "hkdf (==0.0.3)", "httpx (>=0.26)", "hvac", "jsonata-python", "jsonschema", "orjson (>=3.10)", "protobuf", "pydantic", "pyrsistent", "pyyaml (>=6.0.0)", "requests", "six", "tink", "uvicorn"]
json = ["attrs (>=21.2.0)", "authlib (>=1.0.0)", "cachetools (>=5.5.0)", "certifi", "httpx (>=0.26)", "jsonschema", "orjson (>=3.10)", "pyrsistent"]
protobuf = ["attrs (>=21.2.0)", "authlib (>=1.0.0)", "cachetools (>=5.5.0)", "certifi", "googleapis-common-protos", "httpx (>=0.26)", "protobuf"]
rules = ["attrs (>=21.2.0)", "authlib (>=1.0.0)", "azure-identity", "azure-keyvault-keys", "boto3 (>=1.35)", "cachetools (>=5.5.0)", "cel-python (>=0.4.0)", "certifi", "google-api-core", "google-auth", "google-cloud-kms", "google-re2 (<1.1.20251105)", "hkdf (==0.0.3)", "httpx (>=0.26)", "hvac", "jsonata-python", "pyyaml (>=6.0.0)", "tink"]
schema-registry = ["attrs (>=21.2.0)", "authlib (>=1.0.0)", "cachetools (>=5.5.0)", "certifi", "httpx (>=0.26)"]
schemaregistry = ["attrs (>=21.2.0)", "authlib (>=1.0.0)", "cachetools (>=5.5.0)", "certifi", "httpx (>=0.26)"]
soaktest = ["opentelemetry-distro", "opentelemetry-exporter-otlp", "psutil"]
tests = ["async-timeout", "attrs", "attrs (>=21.2.0)", "authlib (>=1.0.0)", "avro (>=1.11.1,<2)", "azure-identity", "azure-keyvault-keys", "black (>=24.0.0)", "boto3 (>=1.35)", "cachetools (>=5.5.0)", "cel-python (>=0.4.0)", "certifi", "fastavro (>=1.5.4,<1.8.0)", "fastavro (>=1.5.4,<2)", "flake8", "google-api-core", "google-auth", "google-cloud-kms", "google-re2 (<1.1.20251105)", "googleapis-common-protos", "hkdf (==0.0.3)", "httpx (>=0.26)", "hvac", "isort (>=5.13.0)", "jsonata-python", "jsonschema", "mypy", "orjson", "orjson (>=3.10)", "pluggy (<1.6.0)", "protobuf", "pyrsistent", "pytest", "pytest-asyncio", "pytest-timeout", "pytest_cov", "pyyaml (>=6.0.0)", "requests", "requests-mock", "respx", "tink", "types-cachetools", "types-requests", "urllib3 (<3)"]

[[package]]
name = "python-dotenv"
version = "1.2.1"
description = "Read key-value pairs from a .env file and set them as environment variables"
optional = false
python-versions = ">=3.9"
files = [
    {file = "python_dotenv-1.2.1-py3-none-any.whl", hash = "sha256:b81ee9561e9ca4004139c6cbba3a238c32b03e4894671e181b671e8cb8425d61"},
    {file = "python_dotenv-1.2.1.tar.gz", hash = "sha256:42667e897e16ab0d66954af0e60a9caa94f0fd4ecf3aaf6d2d260eec1aa36ad6"},
]

[package.extras]
cli = ["click (>=5.0)"]

[metadata]
lock-version = "2.0"
python-versions = "^3.12"
content-hash = "70d3ac1964404341239cc4f3923f0cf3048fc268029eede803ad326782a86153"
